{
  "requires": true,
  "lockfileVersion": 1,
  "dependencies": {
    "zingchart": {
      "version": "2.9.3",
      "resolved": "https://registry.npmjs.org/zingchart/-/zingchart-2.9.3.tgz",
      "integrity": "sha512-Hu8fAZcQgOwioC4OybAB4W7vjhXzRuM3btIy5rXKmJKmFLeWu5Q6nS+EpkIcBGRN0ektdBbrX6f3PGjlAQVJLA=="
    },
    "zingchart-web-component": {
      "version": "file:../../repos/zingchart-wrappers/zingchart-web-component",
      "requires": {
        "zingchart": "^2.9.3"
      },
      "dependencies": {
        "zingchart": {
          "version": "2.9.3",
          "resolved": "https://registry.npmjs.org/zingchart/-/zingchart-2.9.3.tgz",
          "integrity": "sha512-Hu8fAZcQgOwioC4OybAB4W7vjhXzRuM3btIy5rXKmJKmFLeWu5Q6nS+EpkIcBGRN0ektdBbrX6f3PGjlAQVJLA=="
        }
      }
    },
    "zinggrid": {
      "version": "1.2.5",
      "resolved": "https://registry.npmjs.org/zinggrid/-/zinggrid-1.2.5.tgz",
      "integrity": "sha512-8h3OkaZn+h70rrwub07KKrgAr9HpJsf9j2Ln9Ul49lRZP7FHcG3F9oxzJMsusH8etdsJr1UNyrYiE+w413BROw=="
    }
  }
}
